{
	"name": "lezer-tasl",
	"version": "0.0.4",
	"lockfileVersion": 2,
	"requires": true,
	"packages": {
		"": {
			"name": "lezer-tasl",
			"version": "0.0.4",
			"license": "MIT",
			"devDependencies": {
				"@lezer/generator": "^0.15.2"
			},
			"peerDependencies": {
				"@lezer/common": "^0.15.7",
				"@lezer/lr": "^0.15.4"
			}
		},
		"node_modules/@lezer/common": {
			"version": "0.15.7",
			"resolved": "https://registry.npmjs.org/@lezer/common/-/common-0.15.7.tgz",
			"integrity": "sha512-Rw8TDJnBzZnkyzIXs1Tmmd241FrBLJBj8gkdy3y0joGFb8Z4I/joKEsR+gv1pb13o1TMsZxm3fmP+d/wPt2CTQ=="
		},
		"node_modules/@lezer/generator": {
			"version": "0.15.2",
			"resolved": "https://registry.npmjs.org/@lezer/generator/-/generator-0.15.2.tgz",
			"integrity": "sha512-nxY6TTj0ZAcAvg1zEeaZnt1xODdyPhD0lTaPOgcGOVFHhwwx0Oz7CxZB7Rh+xRCXFr5kJWDtM1uXPp80UZjhAg==",
			"dev": true,
			"dependencies": {
				"@lezer/common": "^0.15.0",
				"@lezer/lr": "^0.15.0"
			},
			"bin": {
				"lezer-generator": "dist/lezer-generator.cjs"
			}
		},
		"node_modules/@lezer/lr": {
			"version": "0.15.4",
			"resolved": "https://registry.npmjs.org/@lezer/lr/-/lr-0.15.4.tgz",
			"integrity": "sha512-vwgG80sihEGJn6wJp6VijXrnzVai/KPva/OzYKaWvIx0IiXKjoMQ8UAwcgpSBwfS4Fbz3IKOX/cCNXU3r1FvpQ==",
			"dependencies": {
				"@lezer/common": "^0.15.0"
			}
		}
	},
	"dependencies": {
		"@lezer/common": {
			"version": "0.15.7",
			"resolved": "https://registry.npmjs.org/@lezer/common/-/common-0.15.7.tgz",
			"integrity": "sha512-Rw8TDJnBzZnkyzIXs1Tmmd241FrBLJBj8gkdy3y0joGFb8Z4I/joKEsR+gv1pb13o1TMsZxm3fmP+d/wPt2CTQ=="
		},
		"@lezer/generator": {
			"version": "0.15.2",
			"resolved": "https://registry.npmjs.org/@lezer/generator/-/generator-0.15.2.tgz",
			"integrity": "sha512-nxY6TTj0ZAcAvg1zEeaZnt1xODdyPhD0lTaPOgcGOVFHhwwx0Oz7CxZB7Rh+xRCXFr5kJWDtM1uXPp80UZjhAg==",
			"dev": true,
			"requires": {
				"@lezer/common": "^0.15.0",
				"@lezer/lr": "^0.15.0"
			}
		},
		"@lezer/lr": {
			"version": "0.15.4",
			"resolved": "https://registry.npmjs.org/@lezer/lr/-/lr-0.15.4.tgz",
			"integrity": "sha512-vwgG80sihEGJn6wJp6VijXrnzVai/KPva/OzYKaWvIx0IiXKjoMQ8UAwcgpSBwfS4Fbz3IKOX/cCNXU3r1FvpQ==",
			"requires": {
				"@lezer/common": "^0.15.0"
			}
		}
	}
}
